// !$*UTF8*$!
{
	archiveVersion = 1;
	classes = {
	};
	objectVersion = 46;
	objects = {

/* Begin PBXBuildFile section */
		3813CCBF1F40BCC800A7AE8D /* AppDelegate.swift in Sources */ = {isa = PBXBuildFile; fileRef = 3813CCBE1F40BCC800A7AE8D /* AppDelegate.swift */; };
		3813CCC11F40BCC800A7AE8D /* ViewController.swift in Sources */ = {isa = PBXBuildFile; fileRef = 3813CCC01F40BCC800A7AE8D /* ViewController.swift */; };
		3813CCC41F40BCC800A7AE8D /* Main.storyboard in Resources */ = {isa = PBXBuildFile; fileRef = 3813CCC21F40BCC800A7AE8D /* Main.storyboard */; };
		3813CCC61F40BCC800A7AE8D /* Assets.xcassets in Resources */ = {isa = PBXBuildFile; fileRef = 3813CCC51F40BCC800A7AE8D /* Assets.xcassets */; };
		3813CCC91F40BCC800A7AE8D /* LaunchScreen.storyboard in Resources */ = {isa = PBXBuildFile; fileRef = 3813CCC71F40BCC800A7AE8D /* LaunchScreen.storyboard */; };
		38322E5B1F5B13C4005A1F89 /* Final_ProjectTests.swift in Sources */ = {isa = PBXBuildFile; fileRef = 38322E5A1F5B13C3005A1F89 /* Final_ProjectTests.swift */; };
		38322E631F5B141E005A1F89 /* Demo.swift in Sources */ = {isa = PBXBuildFile; fileRef = 38322E621F5B141E005A1F89 /* Demo.swift */; };
		38322E651F5B1482005A1F89 /* DemoTests.swift in Sources */ = {isa = PBXBuildFile; fileRef = 38322E641F5B1482005A1F89 /* DemoTests.swift */; };
		38322E671F5DB473005A1F89 /* EventController.swift in Sources */ = {isa = PBXBuildFile; fileRef = 38322E661F5DB473005A1F89 /* EventController.swift */; };
/* End PBXBuildFile section */

/* Begin PBXContainerItemProxy section */
		38322E5D1F5B13C4005A1F89 /* PBXContainerItemProxy */ = {
			isa = PBXContainerItemProxy;
			containerPortal = 3813CCB31F40BCC800A7AE8D /* Project object */;
			proxyType = 1;
			remoteGlobalIDString = 3813CCBA1F40BCC800A7AE8D;
			remoteInfo = "Final Project";
		};
/* End PBXContainerItemProxy section */

/* Begin PBXFileReference section */
		3813CCBB1F40BCC800A7AE8D /* Final Project.app */ = {isa = PBXFileReference; explicitFileType = wrapper.application; includeInIndex = 0; path = "Final Project.app"; sourceTree = BUILT_PRODUCTS_DIR; };
		3813CCBE1F40BCC800A7AE8D /* AppDelegate.swift */ = {isa = PBXFileReference; lastKnownFileType = sourcecode.swift; path = AppDelegate.swift; sourceTree = "<group>"; };
		3813CCC01F40BCC800A7AE8D /* ViewController.swift */ = {isa = PBXFileReference; lastKnownFileType = sourcecode.swift; path = ViewController.swift; sourceTree = "<group>"; };
		3813CCC31F40BCC800A7AE8D /* Base */ = {isa = PBXFileReference; lastKnownFileType = file.storyboard; name = Base; path = Base.lproj/Main.storyboard; sourceTree = "<group>"; };
		3813CCC51F40BCC800A7AE8D /* Assets.xcassets */ = {isa = PBXFileReference; lastKnownFileType = folder.assetcatalog; path = Assets.xcassets; sourceTree = "<group>"; };
		3813CCC81F40BCC800A7AE8D /* Base */ = {isa = PBXFileReference; lastKnownFileType = file.storyboard; name = Base; path = Base.lproj/LaunchScreen.storyboard; sourceTree = "<group>"; };
		3813CCCA1F40BCC800A7AE8D /* Info.plist */ = {isa = PBXFileReference; lastKnownFileType = text.plist.xml; path = Info.plist; sourceTree = "<group>"; };
		38322E581F5B13C3005A1F89 /* Final ProjectTests.xctest */ = {isa = PBXFileReference; explicitFileType = wrapper.cfbundle; includeInIndex = 0; path = "Final ProjectTests.xctest"; sourceTree = BUILT_PRODUCTS_DIR; };
		38322E5A1F5B13C3005A1F89 /* Final_ProjectTests.swift */ = {isa = PBXFileReference; lastKnownFileType = sourcecode.swift; path = Final_ProjectTests.swift; sourceTree = "<group>"; };
		38322E5C1F5B13C4005A1F89 /* Info.plist */ = {isa = PBXFileReference; lastKnownFileType = text.plist.xml; path = Info.plist; sourceTree = "<group>"; };
		38322E621F5B141E005A1F89 /* Demo.swift */ = {isa = PBXFileReference; fileEncoding = 4; lastKnownFileType = sourcecode.swift; path = Demo.swift; sourceTree = "<group>"; };
		38322E641F5B1482005A1F89 /* DemoTests.swift */ = {isa = PBXFileReference; fileEncoding = 4; lastKnownFileType = sourcecode.swift; name = DemoTests.swift; path = "../Final Project/DemoTests.swift"; sourceTree = "<group>"; };
		38322E661F5DB473005A1F89 /* EventController.swift */ = {isa = PBXFileReference; fileEncoding = 4; lastKnownFileType = sourcecode.swift; path = EventController.swift; sourceTree = "<group>"; };
/* End PBXFileReference section */

/* Begin PBXFrameworksBuildPhase section */
		3813CCB81F40BCC800A7AE8D /* Frameworks */ = {
			isa = PBXFrameworksBuildPhase;
			buildActionMask = 2147483647;
			files = (
			);
			runOnlyForDeploymentPostprocessing = 0;
		};
		38322E551F5B13C3005A1F89 /* Frameworks */ = {
			isa = PBXFrameworksBuildPhase;
			buildActionMask = 2147483647;
			files = (
			);
			runOnlyForDeploymentPostprocessing = 0;
		};
/* End PBXFrameworksBuildPhase section */

/* Begin PBXGroup section */
		3813CCB21F40BCC800A7AE8D = {
			isa = PBXGroup;
			children = (
				3813CCBD1F40BCC800A7AE8D /* Final Project */,
				38322E591F5B13C3005A1F89 /* Final ProjectTests */,
				3813CCBC1F40BCC800A7AE8D /* Products */,
			);
			sourceTree = "<group>";
		};
		3813CCBC1F40BCC800A7AE8D /* Products */ = {
			isa = PBXGroup;
			children = (
				3813CCBB1F40BCC800A7AE8D /* Final Project.app */,
				38322E581F5B13C3005A1F89 /* Final ProjectTests.xctest */,
			);
			name = Products;
			sourceTree = "<group>";
		};
		3813CCBD1F40BCC800A7AE8D /* Final Project */ = {
			isa = PBXGroup;
			children = (
				3813CCBE1F40BCC800A7AE8D /* AppDelegate.swift */,
				3813CCC01F40BCC800A7AE8D /* ViewController.swift */,
				38322E661F5DB473005A1F89 /* EventController.swift */,
				3813CCC21F40BCC800A7AE8D /* Main.storyboard */,
				3813CCC51F40BCC800A7AE8D /* Assets.xcassets */,
				3813CCC71F40BCC800A7AE8D /* LaunchScreen.storyboard */,
				3813CCCA1F40BCC800A7AE8D /* Info.plist */,
				38322E621F5B141E005A1F89 /* Demo.swift */,
			);
			path = "Final Project";
			sourceTree = "<group>";
		};
		38322E591F5B13C3005A1F89 /* Final ProjectTests */ = {
			isa = PBXGroup;
			children = (
				38322E641F5B1482005A1F89 /* DemoTests.swift */,
				38322E5A1F5B13C3005A1F89 /* Final_ProjectTests.swift */,
				38322E5C1F5B13C4005A1F89 /* Info.plist */,
			);
			path = "Final ProjectTests";
			sourceTree = "<group>";
		};
/* End PBXGroup section */

/* Begin PBXNativeTarget section */
		3813CCBA1F40BCC800A7AE8D /* Final Project */ = {
			isa = PBXNativeTarget;
			buildConfigurationList = 3813CCCD1F40BCC800A7AE8D /* Build configuration list for PBXNativeTarget "Final Project" */;
			buildPhases = (
				3813CCB71F40BCC800A7AE8D /* Sources */,
				3813CCB81F40BCC800A7AE8D /* Frameworks */,
				3813CCB91F40BCC800A7AE8D /* Resources */,
			);
			buildRules = (
			);
			dependencies = (
			);
			name = "Final Project";
			productName = "Final Project";
			productReference = 3813CCBB1F40BCC800A7AE8D /* Final Project.app */;
			productType = "com.apple.product-type.application";
		};
		38322E571F5B13C3005A1F89 /* Final ProjectTests */ = {
			isa = PBXNativeTarget;
			buildConfigurationList = 38322E611F5B13C4005A1F89 /* Build configuration list for PBXNativeTarget "Final ProjectTests" */;
			buildPhases = (
				38322E541F5B13C3005A1F89 /* Sources */,
				38322E551F5B13C3005A1F89 /* Frameworks */,
				38322E561F5B13C3005A1F89 /* Resources */,
			);
			buildRules = (
			);
			dependencies = (
				38322E5E1F5B13C4005A1F89 /* PBXTargetDependency */,
			);
			name = "Final ProjectTests";
			productName = "Final ProjectTests";
			productReference = 38322E581F5B13C3005A1F89 /* Final ProjectTests.xctest */;
			productType = "com.apple.product-type.bundle.unit-test";
		};
/* End PBXNativeTarget section */

/* Begin PBXProject section */
		3813CCB31F40BCC800A7AE8D /* Project object */ = {
			isa = PBXProject;
			attributes = {
				LastSwiftUpdateCheck = 0830;
				LastUpgradeCheck = 0830;
				ORGANIZATIONNAME = "Aanya Jhaveri";
				TargetAttributes = {
					3813CCBA1F40BCC800A7AE8D = {
						CreatedOnToolsVersion = 8.3.3;
						ProvisioningStyle = Automatic;
					};
					38322E571F5B13C3005A1F89 = {
						CreatedOnToolsVersion = 8.3.3;
						ProvisioningStyle = Automatic;
						TestTargetID = 3813CCBA1F40BCC800A7AE8D;
					};
				};
			};
			buildConfigurationList = 3813CCB61F40BCC800A7AE8D /* Build configuration list for PBXProject "Final Project" */;
			compatibilityVersion = "Xcode 3.2";
			developmentRegion = English;
			hasScannedForEncodings = 0;
			knownRegions = (
				en,
				Base,
			);
			mainGroup = 3813CCB21F40BCC800A7AE8D;
			productRefGroup = 3813CCBC1F40BCC800A7AE8D /* Products */;
			projectDirPath = "";
			projectRoot = "";
			targets = (
				3813CCBA1F40BCC800A7AE8D /* Final Project */,
				38322E571F5B13C3005A1F89 /* Final ProjectTests */,
			);
		};
/* End PBXProject section */

/* Begin PBXResourcesBuildPhase section */
		3813CCB91F40BCC800A7AE8D /* Resources */ = {
			isa = PBXResourcesBuildPhase;
			buildActionMask = 2147483647;
			files = (
				3813CCC91F40BCC800A7AE8D /* LaunchScreen.storyboard in Resources */,
				3813CCC61F40BCC800A7AE8D /* Assets.xcassets in Resources */,
				3813CCC41F40BCC800A7AE8D /* Main.storyboard in Resources */,
			);
			runOnlyForDeploymentPostprocessing = 0;
		};
		38322E561F5B13C3005A1F89 /* Resources */ = {
			isa = PBXResourcesBuildPhase;
			buildActionMask = 2147483647;
			files = (
			);
			runOnlyForDeploymentPostprocessing = 0;
		};
/* End PBXResourcesBuildPhase section */

/* Begin PBXSourcesBuildPhase section */
		3813CCB71F40BCC800A7AE8D /* Sources */ = {
			isa = PBXSourcesBuildPhase;
			buildActionMask = 2147483647;
			files = (
				3813CCC11F40BCC800A7AE8D /* ViewController.swift in Sources */,
				3813CCBF1F40BCC800A7AE8D /* AppDelegate.swift in Sources */,
				38322E671F5DB473005A1F89 /* EventController.swift in Sources */,
				38322E631F5B141E005A1F89 /* Demo.swift in Sources */,
			);
			runOnlyForDeploymentPostprocessing = 0;
		};
		38322E541F5B13C3005A1F89 /* Sources */ = {
			isa = PBXSourcesBuildPhase;
			buildActionMask = 2147483647;
			files = (
				38322E651F5B1482005A1F89 /* DemoTests.swift in Sources */,
				38322E5B1F5B13C4005A1F89 /* Final_ProjectTests.swift in Sources */,
			);
			runOnlyForDeploymentPostprocessing = 0;
		};
/* End PBXSourcesBuildPhase section */

/* Begin PBXTargetDependency section */
		38322E5E1F5B13C4005A1F89 /* PBXTargetDependency */ = {
			isa = PBXTargetDependency;
			target = 3813CCBA1F40BCC800A7AE8D /* Final Project */;
			targetProxy = 38322E5D1F5B13C4005A1F89 /* PBXContainerItemProxy */;
		};
/* End PBXTargetDependency section */

/* Begin PBXVariantGroup section */
		3813CCC21F40BCC800A7AE8D /* Main.storyboard */ = {
			isa = PBXVariantGroup;
			children = (
				3813CCC31F40BCC800A7AE8D /* Base */,
			);
			name = Main.storyboard;
			sourceTree = "<group>";
		};
		3813CCC71F40BCC800A7AE8D /* LaunchScreen.storyboard */ = {
			isa = PBXVariantGroup;
			children = (
				3813CCC81F40BCC800A7AE8D /* Base */,
			);
			name = LaunchScreen.storyboard;
			sourceTree = "<group>";
		};
/* End PBXVariantGroup section */

/* Begin XCBuildConfiguration section */
		3813CCCB1F40BCC800A7AE8D /* Debug */ = {
			isa = XCBuildConfiguration;
			buildSettings = {
				ALWAYS_SEARCH_USER_PATHS = NO;
				CLANG_ANALYZER_NONNULL = YES;
				CLANG_ANALYZER_NUMBER_OBJECT_CONVERSION = YES_AGGRESSIVE;
				CLANG_CXX_LANGUAGE_STANDARD = "gnu++0x";
				CLANG_CXX_LIBRARY = "libc++";
				CLANG_ENABLE_MODULES = YES;
				CLANG_ENABLE_OBJC_ARC = YES;
				CLANG_WARN_BOOL_CONVERSION = YES;
				CLANG_WARN_CONSTANT_CONVERSION = YES;
				CLANG_WARN_DIRECT_OBJC_ISA_USAGE = YES_ERROR;
				CLANG_WARN_DOCUMENTATION_COMMENTS = YES;
				CLANG_WARN_EMPTY_BODY = YES;
				CLANG_WARN_ENUM_CONVERSION = YES;
				CLANG_WARN_INFINITE_RECURSION = YES;
				CLANG_WARN_INT_CONVERSION = YES;
				CLANG_WARN_OBJC_ROOT_CLASS = YES_ERROR;
				CLANG_WARN_SUSPICIOUS_MOVE = YES;
				CLANG_WARN_UNREACHABLE_CODE = YES;
				CLANG_WARN__DUPLICATE_METHOD_MATCH = YES;
				"CODE_SIGN_IDENTITY[sdk=iphoneos*]" = "iPhone Developer";
				COPY_PHASE_STRIP = NO;
				DEBUG_INFORMATION_FORMAT = dwarf;
				ENABLE_STRICT_OBJC_MSGSEND = YES;
				ENABLE_TESTABILITY = YES;
				GCC_C_LANGUAGE_STANDARD = gnu99;
				GCC_DYNAMIC_NO_PIC = NO;
				GCC_NO_COMMON_BLOCKS = YES;
				GCC_OPTIMIZATION_LEVEL = 0;
				GCC_PREPROCESSOR_DEFINITIONS = (
					"DEBUG=1",
					"$(inherited)",
				);
				GCC_WARN_64_TO_32_BIT_CONVERSION = YES;
				GCC_WARN_ABOUT_RETURN_TYPE = YES_ERROR;
				GCC_WARN_UNDECLARED_SELECTOR = YES;
				GCC_WARN_UNINITIALIZED_AUTOS = YES_AGGRESSIVE;
				GCC_WARN_UNUSED_FUNCTION = YES;
				GCC_WARN_UNUSED_VARIABLE = YES;
				IPHONEOS_DEPLOYMENT_TARGET = 10.3;
				MTL_ENABLE_DEBUG_INFO = YES;
				ONLY_ACTIVE_ARCH = YES;
				SDKROOT = iphoneos;
				SWIFT_ACTIVE_COMPILATION_CONDITIONS = DEBUG;
				SWIFT_OPTIMIZATION_LEVEL = "-Onone";
				TARGETED_DEVICE_FAMILY = "1,2";
			};
			name = Debug;
		};
		3813CCCC1F40BCC800A7AE8D /* Release */ = {
			isa = XCBuildConfiguration;
			buildSettings = {
				ALWAYS_SEARCH_USER_PATHS = NO;
				CLANG_ANALYZER_NONNULL = YES;
				CLANG_ANALYZER_NUMBER_OBJECT_CONVERSION = YES_AGGRESSIVE;
				CLANG_CXX_LANGUAGE_STANDARD = "gnu++0x";
				CLANG_CXX_LIBRARY = "libc++";
				CLANG_ENABLE_MODULES = YES;
				CLANG_ENABLE_OBJC_ARC = YES;
				CLANG_WARN_BOOL_CONVERSION = YES;
				CLANG_WARN_CONSTANT_CONVERSION = YES;
				CLANG_WARN_DIRECT_OBJC_ISA_USAGE = YES_ERROR;
				CLANG_WARN_DOCUMENTATION_COMMENTS = YES;
				CLANG_WARN_EMPTY_BODY = YES;
				CLANG_WARN_ENUM_CONVERSION = YES;
				CLANG_WARN_INFINITE_RECURSION = YES;
				CLANG_WARN_INT_CONVERSION = YES;
				CLANG_WARN_OBJC_ROOT_CLASS = YES_ERROR;
				CLANG_WARN_SUSPICIOUS_MOVE = YES;
				CLANG_WARN_UNREACHABLE_CODE = YES;
				CLANG_WARN__DUPLICATE_METHOD_MATCH = YES;
				"CODE_SIGN_IDENTITY[sdk=iphoneos*]" = "iPhone Developer";
				COPY_PHASE_STRIP = NO;
				DEBUG_INFORMATION_FORMAT = "dwarf-with-dsym";
				ENABLE_NS_ASSERTIONS = NO;
				ENABLE_STRICT_OBJC_MSGSEND = YES;
				GCC_C_LANGUAGE_STANDARD = gnu99;
				GCC_NO_COMMON_BLOCKS = YES;
				GCC_WARN_64_TO_32_BIT_CONVERSION = YES;
				GCC_WARN_ABOUT_RETURN_TYPE = YES_ERROR;
				GCC_WARN_UNDECLARED_SELECTOR = YES;
				GCC_WARN_UNINITIALIZED_AUTOS = YES_AGGRESSIVE;
				GCC_WARN_UNUSED_FUNCTION = YES;
				GCC_WARN_UNUSED_VARIABLE = YES;
				IPHONEOS_DEPLOYMENT_TARGET = 10.3;
				MTL_ENABLE_DEBUG_INFO = NO;
				SDKROOT = iphoneos;
				SWIFT_OPTIMIZATION_LEVEL = "-Owholemodule";
				TARGETED_DEVICE_FAMILY = "1,2";
				VALIDATE_PRODUCT = YES;
			};
			name = Release;
		};
		3813CCCE1F40BCC800A7AE8D /* Debug */ = {
			isa = XCBuildConfiguration;
			buildSettings = {
				ASSETCATALOG_COMPILER_APPICON_NAME = AppIcon;
				INFOPLIST_FILE = "Final Project/Info.plist";
				LD_RUNPATH_SEARCH_PATHS = "$(inherited) @executable_path/Frameworks";
				PRODUCT_BUNDLE_IDENTIFIER = "com.aanyajhaveri.Final-Project";
				PRODUCT_NAME = "$(TARGET_NAME)";
				SWIFT_VERSION = 3.0;
			};
			name = Debug;
		};
		3813CCCF1F40BCC800A7AE8D /* Release */ = {
			isa = XCBuildConfiguration;
			buildSettings = {
				ASSETCATALOG_COMPILER_APPICON_NAME = AppIcon;
				INFOPLIST_FILE = "Final Project/Info.plist";
				LD_RUNPATH_SEARCH_PATHS = "$(inherited) @executable_path/Frameworks";
				PRODUCT_BUNDLE_IDENTIFIER = "com.aanyajhaveri.Final-Project";
				PRODUCT_NAME = "$(TARGET_NAME)";
				SWIFT_VERSION = 3.0;
			};
			name = Release;
		};
		38322E5F1F5B13C4005A1F89 /* Debug */ = {
			isa = XCBuildConfiguration;
			buildSettings = {
				BUNDLE_LOADER = "$(TEST_HOST)";
				INFOPLIST_FILE = "Final ProjectTests/Info.plist";
				LD_RUNPATH_SEARCH_PATHS = "$(inherited) @executable_path/Frameworks @loader_path/Frameworks";
				PRODUCT_BUNDLE_IDENTIFIER = "com.aanyajhaveri.Final-ProjectTests";
				PRODUCT_NAME = "$(TARGET_NAME)";
				SWIFT_VERSION = 3.0;
				TEST_HOST = "$(BUILT_PRODUCTS_DIR)/Final Project.app/Final Project";
			};
			name = Debug;
		};
		38322E601F5B13C4005A1F89 /* Release */ = {
			isa = XCBuildConfiguration;
			buildSettings = {
				BUNDLE_LOADER = "$(TEST_HOST)";
				INFOPLIST_FILE = "Final ProjectTests/Info.plist";
				LD_RUNPATH_SEARCH_PATHS = "$(inherited) @executable_path/Frameworks @loader_path/Frameworks";
				PRODUCT_BUNDLE_IDENTIFIER = "com.aanyajhaveri.Final-ProjectTests";
				PRODUCT_NAME = "$(TARGET_NAME)";
				SWIFT_VERSION = 3.0;
				TEST_HOST = "$(BUILT_PRODUCTS_DIR)/Final Project.app/Final Project";
			};
			name = Release;
		};
/* End XCBuildConfiguration section */

/* Begin XCConfigurationList section */
		3813CCB61F40BCC800A7AE8D /* Build configuration list for PBXProject "Final Project" */ = {
			isa = XCConfigurationList;
			buildConfigurations = (
				3813CCCB1F40BCC800A7AE8D /* Debug */,
				3813CCCC1F40BCC800A7AE8D /* Release */,
			);
			defaultConfigurationIsVisible = 0;
			defaultConfigurationName = Release;
		};
		3813CCCD1F40BCC800A7AE8D /* Build configuration list for PBXNativeTarget "Final Project" */ = {
			isa = XCConfigurationList;
			buildConfigurations = (
				3813CCCE1F40BCC800A7AE8D /* Debug */,
				3813CCCF1F40BCC800A7AE8D /* Release */,
			);
			defaultConfigurationIsVisible = 0;
			defaultConfigurationName = Release;
		};
		38322E611F5B13C4005A1F89 /* Build configuration list for PBXNativeTarget "Final ProjectTests" */ = {
			isa = XCConfigurationList;
			buildConfigurations = (
				38322E5F1F5B13C4005A1F89 /* Debug */,
				38322E601F5B13C4005A1F89 /* Release */,
			);
			defaultConfigurationIsVisible = 0;
		};
/* End XCConfigurationList section */
	};
	rootObject = 3813CCB31F40BCC800A7AE8D /* Project object */;
}
